
Microsoft Visual Studio Solution File, Format Version 12.00
# Visual Studio Version 17
VisualStudioVersion = 17.5.33516.290
MinimumVisualStudioVersion = 10.0.40219.1
Project("{FAE04EC0-301F-11D3-BF4B-00C04F79EFBC}") = "AwesineDevEvents.Api", "AwesineDevEvents.Api\AwesineDevEvents.Api.csproj", "{3653F091-ABE4-4395-B067-1FF2C03BC3EB}"
EndProject
Global
	GlobalSection(SolutionConfigurationPlatforms) = preSolution
		Debug|Any CPU = Debug|Any CPU
		Release|Any CPU = Release|Any CPU
	EndGlobalSection
	GlobalSection(ProjectConfigurationPlatforms) = postSolution
		{3653F091-ABE4-4395-B067-1FF2C03BC3EB}.Debug|Any CPU.ActiveCfg = Debug|Any CPU
		{3653F091-ABE4-4395-B067-1FF2C03BC3EB}.Debug|Any CPU.Build.0 = Debug|Any CPU
		{3653F091-ABE4-4395-B067-1FF2C03BC3EB}.Release|Any CPU.ActiveCfg = Release|Any CPU
		{3653F091-ABE4-4395-B067-1FF2C03BC3EB}.Release|Any CPU.Build.0 = Release|Any CPU
	EndGlobalSection
	GlobalSection(SolutionProperties) = preSolution
		HideSolutionNode = FALSE
	EndGlobalSection
	GlobalSection(ExtensibilityGlobals) = postSolution
		SolutionGuid = {BC53CAB7-7173-43C8-9FE5-32F8176405F6}
	EndGlobalSection
EndGlobal
